
Microsoft Visual Studio Solution File, Format Version 12.00
# Visual Studio Version 17
VisualStudioVersion = 17.0.31903.59
MinimumVisualStudioVersion = 10.0.40219.1
Project("{9A19103F-16F7-4668-BE54-9A1E7A4F7556}") = "ConsoleClient", "ConsoleClientLib\ConsoleClient.csproj", "{C29CD0EB-A008-4D26-B275-62ED8AF5607F}"
EndProject
Project("{9A19103F-16F7-4668-BE54-9A1E7A4F7556}") = "TileGameClient", "Library\TileGameClient.csproj", "{5E7482D0-6F3C-4E19-A697-B8D639005A24}"
EndProject
Project("{FAE04EC0-301F-11D3-BF4B-00C04F79EFBC}") = "TileGameClient.Infrastructure", "TileGameClient.Infrastructure\TileGameClient.Infrastructure.csproj", "{2F37EC53-E8BB-4C45-AC99-535781D0DA75}"
EndProject
Global
	GlobalSection(SolutionConfigurationPlatforms) = preSolution
		Debug|Any CPU = Debug|Any CPU
		Release|Any CPU = Release|Any CPU
	EndGlobalSection
	GlobalSection(ProjectConfigurationPlatforms) = postSolution
		{C29CD0EB-A008-4D26-B275-62ED8AF5607F}.Debug|Any CPU.ActiveCfg = Debug|Any CPU
		{C29CD0EB-A008-4D26-B275-62ED8AF5607F}.Debug|Any CPU.Build.0 = Debug|Any CPU
		{C29CD0EB-A008-4D26-B275-62ED8AF5607F}.Release|Any CPU.ActiveCfg = Release|Any CPU
		{C29CD0EB-A008-4D26-B275-62ED8AF5607F}.Release|Any CPU.Build.0 = Release|Any CPU
		{5E7482D0-6F3C-4E19-A697-B8D639005A24}.Debug|Any CPU.ActiveCfg = Debug|Any CPU
		{5E7482D0-6F3C-4E19-A697-B8D639005A24}.Debug|Any CPU.Build.0 = Debug|Any CPU
		{5E7482D0-6F3C-4E19-A697-B8D639005A24}.Release|Any CPU.ActiveCfg = Release|Any CPU
		{5E7482D0-6F3C-4E19-A697-B8D639005A24}.Release|Any CPU.Build.0 = Release|Any CPU
		{2F37EC53-E8BB-4C45-AC99-535781D0DA75}.Debug|Any CPU.ActiveCfg = Debug|Any CPU
		{2F37EC53-E8BB-4C45-AC99-535781D0DA75}.Debug|Any CPU.Build.0 = Debug|Any CPU
		{2F37EC53-E8BB-4C45-AC99-535781D0DA75}.Release|Any CPU.ActiveCfg = Release|Any CPU
		{2F37EC53-E8BB-4C45-AC99-535781D0DA75}.Release|Any CPU.Build.0 = Release|Any CPU
	EndGlobalSection
	GlobalSection(SolutionProperties) = preSolution
		HideSolutionNode = FALSE
	EndGlobalSection
	GlobalSection(ExtensibilityGlobals) = postSolution
		SolutionGuid = {4CBAF203-C57A-4B3C-A45E-97ABACA64A24}
	EndGlobalSection
EndGlobal
